github.com/bingbaba/storage v0.0.0-20180611102742-da49ce2cfcd9 h1:eP2zVXMLS9DR8rerg8JWyTGs88NNLzLqQsICvTgSkUs=
github.com/bingbaba/storage v0.0.0-20180611102742-da49ce2cfcd9/go.mod h1:BcNBvTPkpMcVP2vG2UvQRa/NcNAEamXGhL46PMq7d9w=
github.com/chanxuehong/rand v0.0.0-20180830053958-4b3aff17f488 h1:6d1ijTov542DDRWsFdnPYeGWnlRxlzbpEaJuNJtBQiU=
github.com/chanxuehong/rand v0.0.0-20180830053958-4b3aff17f488/go.mod h1:h13adSJmQ5tsaV9bR72eTp7ePXJ2WIWyK6heLeietxA=
github.com/chanxuehong/util v0.0.0-20181116100727-caf892acd09c h1:+bidl2o5S+JFtpiJdUPrgHYE922v3RgHKPqzojUVRyw=
github.com/chanxuehong/util v0.0.0-20181116100727-caf892acd09c/go.mod h1:oCc2u0egGweOE68RdURGznc2LgbCrdGAAkXOQw2CuNM=
github.com/gin-contrib/sse v0.0.0-20190125020943-a7658810eb74 h1:FaI7wNyesdMBSkIRVUuEEYEvmzufs7EqQvRAxfEXGbQ=
github.com/gin-contrib/sse v0.0.0-20190125020943-a7658810eb74/go.mod h1:VJ0WA2NBN22VlZ2dKZQPAPnyWw5XTlK1KymzLKsr59s=
github.com/gin-gonic/gin v1.3.0 h1:kCmZyPklC0gVdL728E6Aj20uYBJV93nj/TkwBTKhFbs=
github.com/gin-gonic/gin v1.3.0/go.mod h1:7cKuhb5qV2ggCFctp2fJQ+ErvciLZrIeoOSOm6mUr7Y=
github.com/golang/protobuf v1.2.0 h1:P3YflyNX/ehuJFLhxviNdFxQPkGK5cDcApsge1SqnvM=
github.com/golang/protobuf v1.2.0/go.mod h1:6lQm79b+lXiMfvg/cZm0SGofjICqVBUtrP5yJMmIC1U=
github.com/google/go-querystring v1.0.0 h1:Xkwi/a1rcvNg1PPYe5vI8GbeBY/jrVuDX5ASuANWTrk=
github.com/google/go-querystring v1.0.0/go.mod h1:odCYkC5MyYFN7vkCjXpyrEuKhc/BUO6wN/zVPAxq5ck=
github.com/mattn/go-isatty v0.0.4 h1:bnP0vzxcAdeI1zdubAl5PjU6zsERjGZb7raWodagDYs=
github.com/mattn/go-isatty v0.0.4/go.mod h1:M+lRXTBqGeGNdLjl/ufCoiOlB5xdOkqRJdNxMWT7Zi4=
github.com/mozillazg/go-cos v0.11.0 h1:PUaIGDL6Jxgrzqg0XvZ6y32jS/5z26+UxnX6ENMm7yE=
github.com/mozillazg/go-cos v0.11.0/go.mod h1:Zp6DvvXn0RUOXGJ2chmWt2bLEqRAnJnS3DnAZsJsoaE=
github.com/mozillazg/go-httpheader v0.2.1 h1:geV7TrjbL8KXSyvghnFm+NyTux/hxwueTSrwhe88TQQ=
github.com/mozillazg/go-httpheader v0.2.1/go.mod h1:jJ8xECTlalr6ValeXYdOF8fFUISeBAdw6E61aqQma60=
github.com/ugorji/go v1.1.2 h1:JON3E2/GPW2iDNGoSAusl1KDf5TRQ8k8q7Tp097pZGs=
github.com/ugorji/go v1.1.2/go.mod h1:hnLbHMwcvSihnDhEfx2/BzKp2xb0Y+ErdfYcrs9tkJQ=
github.com/ugorji/go/codec v0.0.0-20190204201341-e444a5086c43 h1:BasDe+IErOQKrMVXab7UayvSlIpiyGwRvuX3EKYY7UA=
github.com/ugorji/go/codec v0.0.0-20190204201341-e444a5086c43/go.mod h1:iT03XoTwV7xq/+UGwKO3UbC1nNNlopQiY61beSdrtOA=
gopkg.in/chanxuehong/wechat.v2 v2.0.0-20180924084534-7e0579cb5377 h1:fpHVZ4U6bC+88/8em56BlbkWxoh0sDej+JUBIWbwWa4=
gopkg.in/chanxuehong/wechat.v2 v2.0.0-20180924084534-7e0579cb5377/go.mod h1:HuIcE5yEmuAHBXNX5U4KUQRCki6sXCbLjPauW+ppvI0=
gopkg.in/check.v1 v0.0.0-20161208181325-20d25e280405/go.mod h1:Co6ibVJAznAaIkqp8huTwlJQCZ016jof/cbN4VW5Yz0=
gopkg.in/go-playground/validator.v8 v8.18.2 h1:lFB4DoMU6B626w8ny76MV7VX6W2VHct2GVOI3xgiMrQ=
gopkg.in/go-playground/validator.v8 v8.18.2/go.mod h1:RX2a/7Ha8BgOhfk7j780h4/u/RRjR0eouCJSH80/M2Y=
gopkg.in/yaml.v2 v2.2.2 h1:ZCJp+EgiOT7lHqUV2J862kp8Qj64Jo6az82+3Td9dZw=
gopkg.in/yaml.v2 v2.2.2/go.mod h1:hI93XBmqTisBFMUTm0b8Fm+jr3Dg1NNxqwp+5A1VGuI=
