github.com/QcloudApi/qcloud_sign_golang v0.0.0-20141224014652-e4130a326409/go.mod h1:1pk82RBxDY/JZnPQrtqHlUFfCctgdorsd9M06fMynOM=
github.com/bingbaba/storage v0.0.0-20180611102742-da49ce2cfcd9 h1:eP2zVXMLS9DR8rerg8JWyTGs88NNLzLqQsICvTgSkUs=
github.com/bingbaba/storage v0.0.0-20180611102742-da49ce2cfcd9/go.mod h1:BcNBvTPkpMcVP2vG2UvQRa/NcNAEamXGhL46PMq7d9w=
github.com/bingbaba/storage v0.0.0-20191123064700-1934affb62ea h1:mVC0JHbEp9MZDldhcI/2/bK7VYzRsofWoct6WWA6l5w=
github.com/bingbaba/storage v0.0.0-20191123064700-1934affb62ea/go.mod h1:BcNBvTPkpMcVP2vG2UvQRa/NcNAEamXGhL46PMq7d9w=
github.com/bingbaba/storage v0.0.0-20191123065946-f1f255646b95 h1:Eqv9hJJGyIfLsxlhpriGMiL8dX09I6vqEu1AHGj6emA=
github.com/bingbaba/storage v0.0.0-20191123065946-f1f255646b95/go.mod h1:BcNBvTPkpMcVP2vG2UvQRa/NcNAEamXGhL46PMq7d9w=
github.com/bingbaba/storage v0.0.0-20200122082349-93cbc6de5c86 h1:As+RynlX+c5X90hovHwj02G58BFu4+UK6Lz33f285JE=
github.com/bingbaba/storage v0.0.0-20200122082349-93cbc6de5c86/go.mod h1:Ppwl8+Je81NAfZ8iVktSsErDHfae5uemYTQe+xfptdQ=
github.com/chanxuehong/rand v0.0.0-20180830053958-4b3aff17f488 h1:6d1ijTov542DDRWsFdnPYeGWnlRxlzbpEaJuNJtBQiU=
github.com/chanxuehong/rand v0.0.0-20180830053958-4b3aff17f488/go.mod h1:h13adSJmQ5tsaV9bR72eTp7ePXJ2WIWyK6heLeietxA=
github.com/chanxuehong/util v0.0.0-20181116100727-caf892acd09c h1:+bidl2o5S+JFtpiJdUPrgHYE922v3RgHKPqzojUVRyw=
github.com/chanxuehong/util v0.0.0-20181116100727-caf892acd09c/go.mod h1:oCc2u0egGweOE68RdURGznc2LgbCrdGAAkXOQw2CuNM=
github.com/davecgh/go-spew v1.1.0/go.mod h1:J7Y8YcW2NihsgmVo/mv3lAwl/skON4iLHjSsI+c5H38=
github.com/fortytw2/leaktest v1.3.0/go.mod h1:jDsjWgpAGjm2CA7WthBh/CdZYEPF31XHquHwclZch5g=
github.com/google/go-querystring v1.0.0 h1:Xkwi/a1rcvNg1PPYe5vI8GbeBY/jrVuDX5ASuANWTrk=
github.com/google/go-querystring v1.0.0/go.mod h1:odCYkC5MyYFN7vkCjXpyrEuKhc/BUO6wN/zVPAxq5ck=
github.com/google/uuid v1.1.1/go.mod h1:TIyPZe4MgqvfeYDBFedMoGGpEw/LqOeaOT+nhxU+yHo=
github.com/mailru/easyjson v0.0.0-20180730094502-03f2033d19d5/go.mod h1:C1wdFJiN94OJF2b5HbByQZoLdCWB1Yqtg26g4irojpc=
github.com/mozillazg/go-cos v0.11.0 h1:PUaIGDL6Jxgrzqg0XvZ6y32jS/5z26+UxnX6ENMm7yE=
github.com/mozillazg/go-cos v0.11.0/go.mod h1:Zp6DvvXn0RUOXGJ2chmWt2bLEqRAnJnS3DnAZsJsoaE=
github.com/mozillazg/go-httpheader v0.2.1 h1:geV7TrjbL8KXSyvghnFm+NyTux/hxwueTSrwhe88TQQ=
github.com/mozillazg/go-httpheader v0.2.1/go.mod h1:jJ8xECTlalr6ValeXYdOF8fFUISeBAdw6E61aqQma60=
github.com/pkg/errors v0.8.1 h1:iURUrRGxPUNPdy5/HRSm+Yj6okJ6UtLINN0Q9M4+h3I=
github.com/pkg/errors v0.8.1/go.mod h1:bwawxfHBFNV+L2hUp1rHADufV3IMtnDRdf1r5NINEl0=
github.com/pmezard/go-difflib v1.0.0/go.mod h1:iKH77koFhYxTK1pcRnkKkqfTogsbg7gZNVY4sRDYZ/4=
github.com/smartystreets/go-aws-auth v0.0.0-20180515143844-0c1422d1fdb9/go.mod h1:SnhjPscd9TpLiy1LpzGSKh3bXCfxxXuqd9xmQJy3slM=
github.com/stretchr/objx v0.1.0/go.mod h1:HFkY916IF+rwdDfMAkV7OtwuqBVzrE8GR6GFx+wExME=
github.com/stretchr/testify v1.3.0/go.mod h1:M5WIy9Dh21IEIfnGCwXGc5bZfKNJtfHm1UVUgZn+9EI=
github.com/tencentyun/cos-go-sdk-v5 v0.0.0-20200120023323-87ff3bc489ac h1:PSBhZblOjdwH7SIVgcue+7OlnLHkM45KuScLZ+PiVbQ=
github.com/tencentyun/cos-go-sdk-v5 v0.0.0-20200120023323-87ff3bc489ac/go.mod h1:wQBO5HdAkLjj2q6XQiIfDSP8DXDNrppDRw2Kp/1BODA=
gopkg.in/chanxuehong/wechat.v2 v2.0.0-20180924084534-7e0579cb5377 h1:fpHVZ4U6bC+88/8em56BlbkWxoh0sDej+JUBIWbwWa4=
gopkg.in/chanxuehong/wechat.v2 v2.0.0-20180924084534-7e0579cb5377/go.mod h1:HuIcE5yEmuAHBXNX5U4KUQRCki6sXCbLjPauW+ppvI0=
gopkg.in/olivere/elastic.v5 v5.0.84/go.mod h1:LXF6q9XNBxpMqrcgax95C6xyARXWbbCXUrtTxrNrxJI=
